
Microsoft Visual Studio Solution File, Format Version 12.00
# Visual Studio 2013
VisualStudioVersion = 12.0.21005.1
MinimumVisualStudioVersion = 10.0.40219.1
Project("{FAE04EC0-301F-11D3-BF4B-00C04F79EFBC}") = "StocksWebservice", "StocksWebservice\StocksWebservice.csproj", "{70BDA625-69B5-40E9-BC91-E18D86E39539}"
EndProject
Project("{FAE04EC0-301F-11D3-BF4B-00C04F79EFBC}") = "NewsWebservice", "NewsWebservice\NewsWebservice.csproj", "{C6D0981F-F8AE-49B2-BEA9-D1FCABFBD406}"
	ProjectSection(ProjectDependencies) = postProject
		{70BDA625-69B5-40E9-BC91-E18D86E39539} = {70BDA625-69B5-40E9-BC91-E18D86E39539}
	EndProjectSection
EndProject
Project("{FAE04EC0-301F-11D3-BF4B-00C04F79EFBC}") = "NewsFormApp", "NewsFormApp\NewsFormApp.csproj", "{60C53DF5-6060-4B33-ABB7-541F765828F6}"
EndProject
Global
	GlobalSection(CodealikeProperties) = postSolution
		SolutionGuid = 6570fc18-5787-48e7-99f7-e9eafc17bc44
	EndGlobalSection
	GlobalSection(SolutionConfigurationPlatforms) = preSolution
		Debug|Any CPU = Debug|Any CPU
		Release|Any CPU = Release|Any CPU
	EndGlobalSection
	GlobalSection(ProjectConfigurationPlatforms) = postSolution
		{70BDA625-69B5-40E9-BC91-E18D86E39539}.Debug|Any CPU.ActiveCfg = Debug|Any CPU
		{70BDA625-69B5-40E9-BC91-E18D86E39539}.Debug|Any CPU.Build.0 = Debug|Any CPU
		{70BDA625-69B5-40E9-BC91-E18D86E39539}.Release|Any CPU.ActiveCfg = Release|Any CPU
		{70BDA625-69B5-40E9-BC91-E18D86E39539}.Release|Any CPU.Build.0 = Release|Any CPU
		{C6D0981F-F8AE-49B2-BEA9-D1FCABFBD406}.Debug|Any CPU.ActiveCfg = Debug|Any CPU
		{C6D0981F-F8AE-49B2-BEA9-D1FCABFBD406}.Debug|Any CPU.Build.0 = Debug|Any CPU
		{C6D0981F-F8AE-49B2-BEA9-D1FCABFBD406}.Release|Any CPU.ActiveCfg = Release|Any CPU
		{C6D0981F-F8AE-49B2-BEA9-D1FCABFBD406}.Release|Any CPU.Build.0 = Release|Any CPU
		{60C53DF5-6060-4B33-ABB7-541F765828F6}.Debug|Any CPU.ActiveCfg = Debug|Any CPU
		{60C53DF5-6060-4B33-ABB7-541F765828F6}.Debug|Any CPU.Build.0 = Debug|Any CPU
		{60C53DF5-6060-4B33-ABB7-541F765828F6}.Release|Any CPU.ActiveCfg = Release|Any CPU
		{60C53DF5-6060-4B33-ABB7-541F765828F6}.Release|Any CPU.Build.0 = Release|Any CPU
	EndGlobalSection
	GlobalSection(SolutionProperties) = preSolution
		HideSolutionNode = FALSE
	EndGlobalSection
EndGlobal
